{
  "name": "@deskproapps/app-reply-requirements",
  "version": "0.1.0",
  "dependencies": {
    "@deskproapps/deskproapps-sdk-core": {
      "version": "1.0.0-alpha.9",
      "from": "@deskproapps/deskproapps-sdk-core@>=1.0.0-alpha.9 <2.0.0",
      "resolved": "https://registry.npmjs.org/@deskproapps/deskproapps-sdk-core/-/deskproapps-sdk-core-1.0.0-alpha.9.tgz"
    },
    "ansi-regex": {
      "version": "2.1.1",
      "from": "ansi-regex@>=2.0.0 <3.0.0",
      "resolved": "https://registry.npmjs.org/ansi-regex/-/ansi-regex-2.1.1.tgz"
    },
    "ansi-styles": {
      "version": "2.2.1",
      "from": "ansi-styles@>=2.2.1 <3.0.0",
      "resolved": "https://registry.npmjs.org/ansi-styles/-/ansi-styles-2.2.1.tgz"
    },
    "babel-code-frame": {
      "version": "6.22.0",
      "from": "babel-code-frame@>=6.22.0 <7.0.0",
      "resolved": "https://registry.npmjs.org/babel-code-frame/-/babel-code-frame-6.22.0.tgz"
    },
    "babel-eslint": {
      "version": "6.1.2",
      "from": "babel-eslint@>=6.0.4 <7.0.0",
      "resolved": "https://registry.npmjs.org/babel-eslint/-/babel-eslint-6.1.2.tgz"
    },
    "babel-messages": {
      "version": "6.23.0",
      "from": "babel-messages@>=6.23.0 <7.0.0",
      "resolved": "https://registry.npmjs.org/babel-messages/-/babel-messages-6.23.0.tgz"
    },
    "babel-runtime": {
      "version": "6.23.0",
      "from": "babel-runtime@>=6.22.0 <7.0.0",
      "resolved": "https://registry.npmjs.org/babel-runtime/-/babel-runtime-6.23.0.tgz"
    },
    "babel-traverse": {
      "version": "6.25.0",
      "from": "babel-traverse@>=6.0.20 <7.0.0",
      "resolved": "https://registry.npmjs.org/babel-traverse/-/babel-traverse-6.25.0.tgz"
    },
    "babel-types": {
      "version": "6.25.0",
      "from": "babel-types@>=6.0.19 <7.0.0",
      "resolved": "https://registry.npmjs.org/babel-types/-/babel-types-6.25.0.tgz"
    },
    "babylon": {
      "version": "6.17.4",
      "from": "babylon@>=6.0.18 <7.0.0",
      "resolved": "https://registry.npmjs.org/babylon/-/babylon-6.17.4.tgz"
    },
    "batch-processor": {
      "version": "1.0.0",
      "from": "batch-processor@>=1.0.0 <2.0.0",
      "resolved": "https://registry.npmjs.org/batch-processor/-/batch-processor-1.0.0.tgz"
    },
    "beaver-logger": {
      "version": "2.0.8",
      "from": "beaver-logger@>=2.0.0 <3.0.0",
      "resolved": "https://registry.npmjs.org/beaver-logger/-/beaver-logger-2.0.8.tgz"
    },
    "chalk": {
      "version": "1.1.3",
      "from": "chalk@>=1.1.0 <2.0.0",
      "resolved": "https://registry.npmjs.org/chalk/-/chalk-1.1.3.tgz"
    },
    "core-js": {
      "version": "2.4.1",
      "from": "core-js@>=2.4.0 <3.0.0",
      "resolved": "https://registry.npmjs.org/core-js/-/core-js-2.4.1.tgz"
    },
    "debug": {
      "version": "2.6.8",
      "from": "debug@>=2.2.0 <3.0.0",
      "resolved": "https://registry.npmjs.org/debug/-/debug-2.6.8.tgz"
    },
    "element-resize-detector": {
      "version": "1.1.12",
      "from": "element-resize-detector@>=1.1.12 <2.0.0",
      "resolved": "https://registry.npmjs.org/element-resize-detector/-/element-resize-detector-1.1.12.tgz"
    },
    "es6-promise": {
      "version": "3.3.1",
      "from": "es6-promise@>=3.1.2 <4.0.0",
      "resolved": "https://registry.npmjs.org/es6-promise/-/es6-promise-3.3.1.tgz"
    },
    "es6-promise-min": {
      "version": "2.0.1",
      "from": "es6-promise-min@>=2.0.1 <3.0.0",
      "resolved": "https://registry.npmjs.org/es6-promise-min/-/es6-promise-min-2.0.1.tgz"
    },
    "escape-string-regexp": {
      "version": "1.0.5",
      "from": "escape-string-regexp@>=1.0.2 <2.0.0",
      "resolved": "https://registry.npmjs.org/escape-string-regexp/-/escape-string-regexp-1.0.5.tgz"
    },
    "esutils": {
      "version": "2.0.2",
      "from": "esutils@>=2.0.2 <3.0.0",
      "resolved": "https://registry.npmjs.org/esutils/-/esutils-2.0.2.tgz"
    },
    "eventemitter3": {
      "version": "2.0.3",
      "from": "eventemitter3@2.0.3",
      "resolved": "https://registry.npmjs.org/eventemitter3/-/eventemitter3-2.0.3.tgz"
    },
    "get-size": {
      "version": "2.0.2",
      "from": "get-size@>=2.0.2 <3.0.0",
      "resolved": "https://registry.npmjs.org/get-size/-/get-size-2.0.2.tgz"
    },
    "globals": {
      "version": "9.18.0",
      "from": "globals@>=9.0.0 <10.0.0",
      "resolved": "https://registry.npmjs.org/globals/-/globals-9.18.0.tgz"
    },
    "has-ansi": {
      "version": "2.0.0",
      "from": "has-ansi@>=2.0.0 <3.0.0",
      "resolved": "https://registry.npmjs.org/has-ansi/-/has-ansi-2.0.0.tgz"
    },
    "hi-base32": {
      "version": "0.1.1",
      "from": "hi-base32@>=0.1.1 <0.2.0",
      "resolved": "https://registry.npmjs.org/hi-base32/-/hi-base32-0.1.1.tgz"
    },
    "invariant": {
      "version": "2.2.2",
      "from": "invariant@>=2.2.0 <3.0.0",
      "resolved": "https://registry.npmjs.org/invariant/-/invariant-2.2.2.tgz"
    },
    "js-tokens": {
      "version": "3.0.1",
      "from": "js-tokens@>=3.0.0 <4.0.0",
      "resolved": "https://registry.npmjs.org/js-tokens/-/js-tokens-3.0.1.tgz"
    },
    "lodash": {
      "version": "4.17.4",
      "from": "lodash@>=4.2.0 <5.0.0",
      "resolved": "https://registry.npmjs.org/lodash/-/lodash-4.17.4.tgz"
    },
    "lodash.assign": {
      "version": "4.2.0",
      "from": "lodash.assign@>=4.0.0 <5.0.0",
      "resolved": "https://registry.npmjs.org/lodash.assign/-/lodash.assign-4.2.0.tgz"
    },
    "lodash.pickby": {
      "version": "4.6.0",
      "from": "lodash.pickby@>=4.0.0 <5.0.0",
      "resolved": "https://registry.npmjs.org/lodash.pickby/-/lodash.pickby-4.6.0.tgz"
    },
    "loose-envify": {
      "version": "1.3.1",
      "from": "loose-envify@>=1.0.0 <2.0.0",
      "resolved": "https://registry.npmjs.org/loose-envify/-/loose-envify-1.3.1.tgz"
    },
    "ms": {
      "version": "2.0.0",
      "from": "ms@2.0.0",
      "resolved": "https://registry.npmjs.org/ms/-/ms-2.0.0.tgz"
    },
    "post-robot": {
      "version": "4.0.0",
      "from": "post-robot@4.0.0",
      "resolved": "https://registry.npmjs.org/post-robot/-/post-robot-4.0.0.tgz"
    },
    "regenerator-runtime": {
      "version": "0.10.5",
      "from": "regenerator-runtime@>=0.10.0 <0.11.0",
      "resolved": "https://registry.npmjs.org/regenerator-runtime/-/regenerator-runtime-0.10.5.tgz"
    },
    "strip-ansi": {
      "version": "3.0.1",
      "from": "strip-ansi@>=3.0.0 <4.0.0",
      "resolved": "https://registry.npmjs.org/strip-ansi/-/strip-ansi-3.0.1.tgz"
    },
    "supports-color": {
      "version": "2.0.0",
      "from": "supports-color@>=2.0.0 <3.0.0",
      "resolved": "https://registry.npmjs.org/supports-color/-/supports-color-2.0.0.tgz"
    },
    "sync-browser-mocks": {
      "version": "1.0.44",
      "from": "sync-browser-mocks@>=1.0.3 <2.0.0",
      "resolved": "https://registry.npmjs.org/sync-browser-mocks/-/sync-browser-mocks-1.0.44.tgz"
    },
    "to-fast-properties": {
      "version": "1.0.3",
      "from": "to-fast-properties@>=1.0.1 <2.0.0",
      "resolved": "https://registry.npmjs.org/to-fast-properties/-/to-fast-properties-1.0.3.tgz"
    },
    "xcomponent": {
      "version": "1.0.125",
      "from": "xcomponent@1.0.125",
      "resolved": "https://registry.npmjs.org/xcomponent/-/xcomponent-1.0.125.tgz"
    }
  }
}
